<?xml version="1.0" encoding="utf-8"?>
<Project ToolsVersion="4.0" xmlns="http://schemas.microsoft.com/developer/msbuild/2003">
  <ItemGroup>
    <ClCompile Include="src\Game.cpp" />
    <ClCompile Include="includes\stdafx.cpp" />
    <ClCompile Include="includes\App\app.cpp">
      <Filter>API</Filter>
    </ClCompile>
    <ClCompile Include="includes\App\main.cpp">
      <Filter>API</Filter>
    </ClCompile>
    <ClCompile Include="includes\App\SimpleController.cpp">
      <Filter>API</Filter>
    </ClCompile>
    <ClCompile Include="includes\App\SimpleSound.cpp">
      <Filter>API</Filter>
    </ClCompile>
    <ClCompile Include="includes\App\SimpleSprite.cpp">
      <Filter>API</Filter>
    </ClCompile>
    <ClCompile Include="includes\stb_image\stb_image.cpp">
      <Filter>stb_image</Filter>
    </ClCompile>
    <ClCompile Include="src\Math\Util.cpp" />
    <ClCompile Include="src\Graphics\Graphics.cpp" />
    <ClCompile Include="src\Graphics\Camera.cpp" />
    <ClCompile Include="src\Math\Vector.cpp" />
    <ClCompile Include="src\Math\Matrix.cpp" />
    <ClCompile Include="src\Graphics\Primitive.cpp" />
    <ClCompile Include="src\Scene\Scene.cpp" />
    <ClCompile Include="src\Graphics\Mesh.cpp" />
    <ClCompile Include="src\Tests.cpp" />
    <ClCompile Include="src\Graphics\ParticleEmitter.cpp" />
    <ClCompile Include="src\Math\MatrixTransform.cpp" />
    <ClCompile Include="src\Scene\GameObjects\Player.cpp" />
    <ClCompile Include="src\Scene\Components\Transform.cpp" />
    <ClCompile Include="src\Scene\Components\Physics.cpp" />
    <ClCompile Include="src\Scene\Components\Box2D.cpp" />
    <ClCompile Include="src\Scene\GameObjects\Deathbox.cpp" />
    <ClCompile Include="src\Scene\Components\Rect.cpp" />
    <ClCompile Include="src\Scene\GameObjects\Projectile.cpp" />
    <ClCompile Include="src\Scene\BulletPool.cpp" />
    <ClCompile Include="src\Scene\GameObjects\Enemy.cpp" />
  </ItemGroup>
  <ItemGroup>
    <ClInclude Include="includes\stdafx.h" />
    <ClInclude Include="includes\App\app.h">
      <Filter>API</Filter>
    </ClInclude>
    <ClInclude Include="includes\App\AppSettings.h">
      <Filter>API</Filter>
    </ClInclude>
    <ClInclude Include="includes\App\main.h">
      <Filter>API</Filter>
    </ClInclude>
    <ClInclude Include="includes\App\SimpleController.h">
      <Filter>API</Filter>
    </ClInclude>
    <ClInclude Include="includes\App\SimpleSound.h">
      <Filter>API</Filter>
    </ClInclude>
    <ClInclude Include="includes\App\SimpleSprite.h">
      <Filter>API</Filter>
    </ClInclude>
    <ClInclude Include="includes\targetver.h">
      <Filter>API</Filter>
    </ClInclude>
    <ClInclude Include="includes\stb_image\stb_image.h">
      <Filter>stb_image</Filter>
    </ClInclude>
    <ClInclude Include="src\Math\Vector.h" />
    <ClInclude Include="src\Math\Matrix.h" />
    <ClInclude Include="src\Math\Util.h" />
    <ClInclude Include="src\Math\Math.h" />
    <ClInclude Include="src\Graphics\Primitive.h" />
    <ClInclude Include="src\Graphics\Graphics.h" />
    <ClInclude Include="src\Graphics\Mesh.h" />
    <ClInclude Include="src\Graphics\Camera.h" />
    <ClInclude Include="src\Scene\Scene.h" />
    <ClInclude Include="src\Tests.h" />
    <ClInclude Include="src\Config.h" />
    <ClInclude Include="src\Graphics\ParticleEmitter.h" />
    <ClInclude Include="src\Math\MatrixTransform.h" />
    <ClInclude Include="src\Scene\GameObjects\GameObject.h" />
    <ClInclude Include="src\Scene\Components\Component.h" />
    <ClInclude Include="src\Scene\Components\Transform.h" />
    <ClInclude Include="src\Scene\GameObjects\Player.h" />
    <ClInclude Include="src\Constants.h" />
    <ClInclude Include="src\Scene\Components\Physics.h" />
    <ClInclude Include="src\Scene\Components\Box2D.h" />
    <ClInclude Include="src\Scene\GameObjects\Deathbox.h" />
    <ClInclude Include="src\Scene\Components\Rect.h" />
    <ClInclude Include="src\Scene\GameObjects\Projectile.h" />
    <ClInclude Include="src\Scene\BulletPool.h" />
    <ClInclude Include="src\Scene\GameObjects\Enemy.h" />
  </ItemGroup>
  <ItemGroup>
    <Filter Include="stb_image">
      <UniqueIdentifier>{61cfc19b-c57e-4021-b530-bac172fcba86}</UniqueIdentifier>
    </Filter>
    <Filter Include="API">
      <UniqueIdentifier>{f318918d-bb9f-4402-ae1c-4f72186d16f6}</UniqueIdentifier>
    </Filter>
  </ItemGroup>
</Project>